
Microsoft Visual Studio Solution File, Format Version 12.00
# Visual Studio Version 16
VisualStudioVersion = 16.0.29905.134
MinimumVisualStudioVersion = 10.0.40219.1
Project("{FAE04EC0-301F-11D3-BF4B-00C04F79EFBC}") = "ExtremeS", "ExtremeS.csproj", "{F67E4E76-5480-4F47-9752-6C178DD9916C}"
EndProject
Global
	GlobalSection(SolutionConfigurationPlatforms) = preSolution
		Debug|Any CPU = Debug|Any CPU
		Release|Any CPU = Release|Any CPU
	EndGlobalSection
	GlobalSection(ProjectConfigurationPlatforms) = postSolution
		{F67E4E76-5480-4F47-9752-6C178DD9916C}.Debug|Any CPU.ActiveCfg = Debug|Any CPU
		{F67E4E76-5480-4F47-9752-6C178DD9916C}.Debug|Any CPU.Build.0 = Debug|Any CPU
		{F67E4E76-5480-4F47-9752-6C178DD9916C}.Release|Any CPU.ActiveCfg = Release|Any CPU
		{F67E4E76-5480-4F47-9752-6C178DD9916C}.Release|Any CPU.Build.0 = Release|Any CPU
	EndGlobalSection
	GlobalSection(SolutionProperties) = preSolution
		HideSolutionNode = FALSE
	EndGlobalSection
	GlobalSection(ExtensibilityGlobals) = postSolution
		SolutionGuid = {14B8098D-9DDC-41A3-BD7F-A7B295F5B964}
	EndGlobalSection
EndGlobal
